
Microsoft Visual Studio Solution File, Format Version 12.00
# Visual Studio Version 17
VisualStudioVersion = 17.1.32319.34
MinimumVisualStudioVersion = 10.0.40219.1
Project("{9A19103F-16F7-4668-BE54-9A1E7A4F7556}") = "TZ.RedisQueue", "TZ.RedisQueue\TZ.RedisQueue.csproj", "{27FB6AA3-37EB-438D-A090-DFE164DD696F}"
EndProject
Project("{9A19103F-16F7-4668-BE54-9A1E7A4F7556}") = "Demo", "Demo\Demo.csproj", "{6382F0AC-1AC5-406A-9063-16EDCADFF1B7}"
EndProject
Project("{9A19103F-16F7-4668-BE54-9A1E7A4F7556}") = "WebApiDemo", "WebApiDemo\WebApiDemo.csproj", "{D3A163FF-DE46-48C0-AF64-13A2FE3F9CA4}"
EndProject
Project("{2150E333-8FDC-42A3-9474-1A3956D46DE8}") = "0.Solution Items", "0.Solution Items", "{674AADBD-202A-4E66-A319-F752836F7518}"
	ProjectSection(SolutionItems) = preProject
		readme.md = readme.md
	EndProjectSection
EndProject
Global
	GlobalSection(SolutionConfigurationPlatforms) = preSolution
		Debug|Any CPU = Debug|Any CPU
		Release|Any CPU = Release|Any CPU
	EndGlobalSection
	GlobalSection(ProjectConfigurationPlatforms) = postSolution
		{27FB6AA3-37EB-438D-A090-DFE164DD696F}.Debug|Any CPU.ActiveCfg = Debug|Any CPU
		{27FB6AA3-37EB-438D-A090-DFE164DD696F}.Debug|Any CPU.Build.0 = Debug|Any CPU
		{27FB6AA3-37EB-438D-A090-DFE164DD696F}.Release|Any CPU.ActiveCfg = Release|Any CPU
		{27FB6AA3-37EB-438D-A090-DFE164DD696F}.Release|Any CPU.Build.0 = Release|Any CPU
		{6382F0AC-1AC5-406A-9063-16EDCADFF1B7}.Debug|Any CPU.ActiveCfg = Debug|Any CPU
		{6382F0AC-1AC5-406A-9063-16EDCADFF1B7}.Debug|Any CPU.Build.0 = Debug|Any CPU
		{6382F0AC-1AC5-406A-9063-16EDCADFF1B7}.Release|Any CPU.ActiveCfg = Release|Any CPU
		{6382F0AC-1AC5-406A-9063-16EDCADFF1B7}.Release|Any CPU.Build.0 = Release|Any CPU
		{D3A163FF-DE46-48C0-AF64-13A2FE3F9CA4}.Debug|Any CPU.ActiveCfg = Debug|Any CPU
		{D3A163FF-DE46-48C0-AF64-13A2FE3F9CA4}.Debug|Any CPU.Build.0 = Debug|Any CPU
		{D3A163FF-DE46-48C0-AF64-13A2FE3F9CA4}.Release|Any CPU.ActiveCfg = Release|Any CPU
		{D3A163FF-DE46-48C0-AF64-13A2FE3F9CA4}.Release|Any CPU.Build.0 = Release|Any CPU
	EndGlobalSection
	GlobalSection(SolutionProperties) = preSolution
		HideSolutionNode = FALSE
	EndGlobalSection
	GlobalSection(ExtensibilityGlobals) = postSolution
		SolutionGuid = {23B5A51F-D2E6-45C3-AD01-BCFCE8D8C681}
	EndGlobalSection
EndGlobal
